
Microsoft Visual Studio Solution File, Format Version 12.00
# Visual Studio Version 16
VisualStudioVersion = 16.0.32901.82
MinimumVisualStudioVersion = 10.0.40219.1
Project("{FAE04EC0-301F-11D3-BF4B-00C04F79EFBC}") = "46oj", "46oj.csproj", "{1D42B400-D1BC-4393-8EA5-E40DD8DACBE4}"
EndProject
Global
	GlobalSection(SolutionConfigurationPlatforms) = preSolution
		Debug|Any CPU = Debug|Any CPU
		Release|Any CPU = Release|Any CPU
	EndGlobalSection
	GlobalSection(ProjectConfigurationPlatforms) = postSolution
		{1D42B400-D1BC-4393-8EA5-E40DD8DACBE4}.Debug|Any CPU.ActiveCfg = Debug|Any CPU
		{1D42B400-D1BC-4393-8EA5-E40DD8DACBE4}.Debug|Any CPU.Build.0 = Debug|Any CPU
		{1D42B400-D1BC-4393-8EA5-E40DD8DACBE4}.Release|Any CPU.ActiveCfg = Release|Any CPU
		{1D42B400-D1BC-4393-8EA5-E40DD8DACBE4}.Release|Any CPU.Build.0 = Release|Any CPU
	EndGlobalSection
	GlobalSection(SolutionProperties) = preSolution
		HideSolutionNode = FALSE
	EndGlobalSection
	GlobalSection(ExtensibilityGlobals) = postSolution
		SolutionGuid = {86D65698-E09E-4B5D-A37A-851A83586B4B}
	EndGlobalSection
EndGlobal
